
Microsoft Visual Studio Solution File, Format Version 12.00
# Visual Studio Version 17
VisualStudioVersion = 17.11.35312.102
MinimumVisualStudioVersion = 10.0.40219.1
Project("{9A19103F-16F7-4668-BE54-9A1E7A4F7556}") = "PRH_UserService_API", "PRH_UserService_API\PRH_UserService_API.csproj", "{50CE2CC8-1903-4A80-91C7-17EA6DB63B15}"
EndProject
Project("{2150E333-8FDC-42A3-9474-1A3956D46DE8}") = "Core", "Core", "{22E20695-1D3B-48EB-B48E-29DA9AD6D1C0}"
EndProject
Project("{2150E333-8FDC-42A3-9474-1A3956D46DE8}") = "Infrastructure", "Infrastructure", "{E8C4BF09-8337-4514-A9E9-96EA8ED588FD}"
EndProject
Project("{2150E333-8FDC-42A3-9474-1A3956D46DE8}") = "Presentation", "Presentation", "{02B1F09E-227C-4198-A83A-6091A60CF430}"
EndProject
Project("{2150E333-8FDC-42A3-9474-1A3956D46DE8}") = "Test", "Test", "{D20779AF-09DA-43B1-8D32-81681D68811E}"
EndProject
Project("{9A19103F-16F7-4668-BE54-9A1E7A4F7556}") = "Application", "Application\Application.csproj", "{F14ADC1E-80CF-44FC-BB10-3D8D1B8B9B74}"
EndProject
Project("{9A19103F-16F7-4668-BE54-9A1E7A4F7556}") = "Infrastructure", "Infrastructure\Infrastructure.csproj", "{71891F6A-3DA3-4E5C-9C00-49103C869CFF}"
EndProject
Project("{9A19103F-16F7-4668-BE54-9A1E7A4F7556}") = "Domain", "Domain\Domain.csproj", "{92A1D2D3-4303-4ECE-AC2D-FD7B6A2D660C}"
EndProject
Project("{FAE04EC0-301F-11D3-BF4B-00C04F79EFBC}") = "Persistence", "Persistence\Persistence.csproj", "{9472E549-13A9-4CF7-BC31-2E46B10DA512}"
EndProject
Global
	GlobalSection(SolutionConfigurationPlatforms) = preSolution
		Debug|Any CPU = Debug|Any CPU
		Release|Any CPU = Release|Any CPU
	EndGlobalSection
	GlobalSection(ProjectConfigurationPlatforms) = postSolution
		{50CE2CC8-1903-4A80-91C7-17EA6DB63B15}.Debug|Any CPU.ActiveCfg = Debug|Any CPU
		{50CE2CC8-1903-4A80-91C7-17EA6DB63B15}.Debug|Any CPU.Build.0 = Debug|Any CPU
		{50CE2CC8-1903-4A80-91C7-17EA6DB63B15}.Release|Any CPU.ActiveCfg = Release|Any CPU
		{50CE2CC8-1903-4A80-91C7-17EA6DB63B15}.Release|Any CPU.Build.0 = Release|Any CPU
		{F14ADC1E-80CF-44FC-BB10-3D8D1B8B9B74}.Debug|Any CPU.ActiveCfg = Debug|Any CPU
		{F14ADC1E-80CF-44FC-BB10-3D8D1B8B9B74}.Debug|Any CPU.Build.0 = Debug|Any CPU
		{F14ADC1E-80CF-44FC-BB10-3D8D1B8B9B74}.Release|Any CPU.ActiveCfg = Release|Any CPU
		{F14ADC1E-80CF-44FC-BB10-3D8D1B8B9B74}.Release|Any CPU.Build.0 = Release|Any CPU
		{71891F6A-3DA3-4E5C-9C00-49103C869CFF}.Debug|Any CPU.ActiveCfg = Debug|Any CPU
		{71891F6A-3DA3-4E5C-9C00-49103C869CFF}.Debug|Any CPU.Build.0 = Debug|Any CPU
		{71891F6A-3DA3-4E5C-9C00-49103C869CFF}.Release|Any CPU.ActiveCfg = Release|Any CPU
		{71891F6A-3DA3-4E5C-9C00-49103C869CFF}.Release|Any CPU.Build.0 = Release|Any CPU
		{92A1D2D3-4303-4ECE-AC2D-FD7B6A2D660C}.Debug|Any CPU.ActiveCfg = Debug|Any CPU
		{92A1D2D3-4303-4ECE-AC2D-FD7B6A2D660C}.Debug|Any CPU.Build.0 = Debug|Any CPU
		{92A1D2D3-4303-4ECE-AC2D-FD7B6A2D660C}.Release|Any CPU.ActiveCfg = Release|Any CPU
		{92A1D2D3-4303-4ECE-AC2D-FD7B6A2D660C}.Release|Any CPU.Build.0 = Release|Any CPU
		{9472E549-13A9-4CF7-BC31-2E46B10DA512}.Debug|Any CPU.ActiveCfg = Debug|Any CPU
		{9472E549-13A9-4CF7-BC31-2E46B10DA512}.Debug|Any CPU.Build.0 = Debug|Any CPU
		{9472E549-13A9-4CF7-BC31-2E46B10DA512}.Release|Any CPU.ActiveCfg = Release|Any CPU
		{9472E549-13A9-4CF7-BC31-2E46B10DA512}.Release|Any CPU.Build.0 = Release|Any CPU
	EndGlobalSection
	GlobalSection(SolutionProperties) = preSolution
		HideSolutionNode = FALSE
	EndGlobalSection
	GlobalSection(NestedProjects) = preSolution
		{50CE2CC8-1903-4A80-91C7-17EA6DB63B15} = {02B1F09E-227C-4198-A83A-6091A60CF430}
		{F14ADC1E-80CF-44FC-BB10-3D8D1B8B9B74} = {22E20695-1D3B-48EB-B48E-29DA9AD6D1C0}
		{71891F6A-3DA3-4E5C-9C00-49103C869CFF} = {E8C4BF09-8337-4514-A9E9-96EA8ED588FD}
		{92A1D2D3-4303-4ECE-AC2D-FD7B6A2D660C} = {22E20695-1D3B-48EB-B48E-29DA9AD6D1C0}
		{9472E549-13A9-4CF7-BC31-2E46B10DA512} = {E8C4BF09-8337-4514-A9E9-96EA8ED588FD}
	EndGlobalSection
	GlobalSection(ExtensibilityGlobals) = postSolution
		SolutionGuid = {766E4B05-2770-4EF8-A0E6-892066B1C36B}
	EndGlobalSection
EndGlobal
